Microsoft Visual Studio Solution File, Format Version 12.00
# Visual Studio 2012
Project("{FAE04EC0-301F-11D3-BF4B-00C04F79EFBC}") = "Waves of the Fallen", "Waves of the Fallen.csproj", "{E4233CAA-B659-4504-94B2-1BAB95FA4E8F}"
EndProject
Global
	GlobalSection(SolutionConfigurationPlatforms) = preSolution
	Debug|Any CPU = Debug|Any CPU
	ExportDebug|Any CPU = ExportDebug|Any CPU
	ExportRelease|Any CPU = ExportRelease|Any CPU
	EndGlobalSection
	GlobalSection(ProjectConfigurationPlatforms) = postSolution
		{E4233CAA-B659-4504-94B2-1BAB95FA4E8F}.Debug|Any CPU.ActiveCfg = Debug|Any CPU
		{E4233CAA-B659-4504-94B2-1BAB95FA4E8F}.Debug|Any CPU.Build.0 = Debug|Any CPU
		{E4233CAA-B659-4504-94B2-1BAB95FA4E8F}.ExportDebug|Any CPU.ActiveCfg = ExportDebug|Any CPU
		{E4233CAA-B659-4504-94B2-1BAB95FA4E8F}.ExportDebug|Any CPU.Build.0 = ExportDebug|Any CPU
		{E4233CAA-B659-4504-94B2-1BAB95FA4E8F}.ExportRelease|Any CPU.ActiveCfg = ExportRelease|Any CPU
		{E4233CAA-B659-4504-94B2-1BAB95FA4E8F}.ExportRelease|Any CPU.Build.0 = ExportRelease|Any CPU
	EndGlobalSection
EndGlobal
